// !$*UTF8*$!
{
	archiveVersion = 1;
	classes = {
	};
	objectVersion = 46;
	objects = {

/* Begin PBXBuildFile section */
		102854721DED7EE100E1CADD /* main.m in Sources */ = {isa = PBXBuildFile; fileRef = 102854711DED7EE100E1CADD /* main.m */; };
		102854751DED7EE100E1CADD /* AppDelegate.m in Sources */ = {isa = PBXBuildFile; fileRef = 102854741DED7EE100E1CADD /* AppDelegate.m */; };
		102854781DED7EE100E1CADD /* ViewController.m in Sources */ = {isa = PBXBuildFile; fileRef = 102854771DED7EE100E1CADD /* ViewController.m */; };
		1028547B1DED7EE100E1CADD /* Main.storyboard in Resources */ = {isa = PBXBuildFile; fileRef = 102854791DED7EE100E1CADD /* Main.storyboard */; };
		1028547E1DED7EE100E1CADD /* FirstGitHub.xcdatamodeld in Sources */ = {isa = PBXBuildFile; fileRef = 1028547C1DED7EE100E1CADD /* FirstGitHub.xcdatamodeld */; };
		102854801DED7EE100E1CADD /* Assets.xcassets in Resources */ = {isa = PBXBuildFile; fileRef = 1028547F1DED7EE100E1CADD /* Assets.xcassets */; };
		102854831DED7EE100E1CADD /* LaunchScreen.storyboard in Resources */ = {isa = PBXBuildFile; fileRef = 102854811DED7EE100E1CADD /* LaunchScreen.storyboard */; };
		1028548E1DED7EE100E1CADD /* FirstGitHubTests.m in Sources */ = {isa = PBXBuildFile; fileRef = 1028548D1DED7EE100E1CADD /* FirstGitHubTests.m */; };
		102854991DED7EE100E1CADD /* FirstGitHubUITests.m in Sources */ = {isa = PBXBuildFile; fileRef = 102854981DED7EE100E1CADD /* FirstGitHubUITests.m */; };
		102854A71DED863F00E1CADD /* checkWorkLocation@3x.png in Resources */ = {isa = PBXBuildFile; fileRef = 102854A61DED863F00E1CADD /* checkWorkLocation@3x.png */; };
		102854A91DED870A00E1CADD /* chechWorkButton@2x.png in Resources */ = {isa = PBXBuildFile; fileRef = 102854A81DED870A00E1CADD /* chechWorkButton@2x.png */; };
/* End PBXBuildFile section */

/* Begin PBXContainerItemProxy section */
		1028548A1DED7EE100E1CADD /* PBXContainerItemProxy */ = {
			isa = PBXContainerItemProxy;
			containerPortal = 102854651DED7EE100E1CADD /* Project object */;
			proxyType = 1;
			remoteGlobalIDString = 1028546C1DED7EE100E1CADD;
			remoteInfo = FirstGitHub;
		};
		102854951DED7EE100E1CADD /* PBXContainerItemProxy */ = {
			isa = PBXContainerItemProxy;
			containerPortal = 102854651DED7EE100E1CADD /* Project object */;
			proxyType = 1;
			remoteGlobalIDString = 1028546C1DED7EE100E1CADD;
			remoteInfo = FirstGitHub;
		};
/* End PBXContainerItemProxy section */

/* Begin PBXFileReference section */
		1028546D1DED7EE100E1CADD /* FirstGitHub.app */ = {isa = PBXFileReference; explicitFileType = wrapper.application; includeInIndex = 0; path = FirstGitHub.app; sourceTree = BUILT_PRODUCTS_DIR; };
		102854711DED7EE100E1CADD /* main.m */ = {isa = PBXFileReference; lastKnownFileType = sourcecode.c.objc; path = main.m; sourceTree = "<group>"; };
		102854731DED7EE100E1CADD /* AppDelegate.h */ = {isa = PBXFileReference; lastKnownFileType = sourcecode.c.h; path = AppDelegate.h; sourceTree = "<group>"; };
		102854741DED7EE100E1CADD /* AppDelegate.m */ = {isa = PBXFileReference; lastKnownFileType = sourcecode.c.objc; path = AppDelegate.m; sourceTree = "<group>"; };
		102854761DED7EE100E1CADD /* ViewController.h */ = {isa = PBXFileReference; lastKnownFileType = sourcecode.c.h; path = ViewController.h; sourceTree = "<group>"; };
		102854771DED7EE100E1CADD /* ViewController.m */ = {isa = PBXFileReference; lastKnownFileType = sourcecode.c.objc; path = ViewController.m; sourceTree = "<group>"; };
		1028547A1DED7EE100E1CADD /* Base */ = {isa = PBXFileReference; lastKnownFileType = file.storyboard; name = Base; path = Base.lproj/Main.storyboard; sourceTree = "<group>"; };
		1028547D1DED7EE100E1CADD /* FirstGitHub.xcdatamodel */ = {isa = PBXFileReference; lastKnownFileType = wrapper.xcdatamodel; path = FirstGitHub.xcdatamodel; sourceTree = "<group>"; };
		1028547F1DED7EE100E1CADD /* Assets.xcassets */ = {isa = PBXFileReference; lastKnownFileType = folder.assetcatalog; path = Assets.xcassets; sourceTree = "<group>"; };
		102854821DED7EE100E1CADD /* Base */ = {isa = PBXFileReference; lastKnownFileType = file.storyboard; name = Base; path = Base.lproj/LaunchScreen.storyboard; sourceTree = "<group>"; };
		102854841DED7EE100E1CADD /* Info.plist */ = {isa = PBXFileReference; lastKnownFileType = text.plist.xml; path = Info.plist; sourceTree = "<group>"; };
		102854891DED7EE100E1CADD /* FirstGitHubTests.xctest */ = {isa = PBXFileReference; explicitFileType = wrapper.cfbundle; includeInIndex = 0; path = FirstGitHubTests.xctest; sourceTree = BUILT_PRODUCTS_DIR; };
		1028548D1DED7EE100E1CADD /* FirstGitHubTests.m */ = {isa = PBXFileReference; lastKnownFileType = sourcecode.c.objc; path = FirstGitHubTests.m; sourceTree = "<group>"; };
		1028548F1DED7EE100E1CADD /* Info.plist */ = {isa = PBXFileReference; lastKnownFileType = text.plist.xml; path = Info.plist; sourceTree = "<group>"; };
		102854941DED7EE100E1CADD /* FirstGitHubUITests.xctest */ = {isa = PBXFileReference; explicitFileType = wrapper.cfbundle; includeInIndex = 0; path = FirstGitHubUITests.xctest; sourceTree = BUILT_PRODUCTS_DIR; };
		102854981DED7EE100E1CADD /* FirstGitHubUITests.m */ = {isa = PBXFileReference; lastKnownFileType = sourcecode.c.objc; path = FirstGitHubUITests.m; sourceTree = "<group>"; };
		1028549A1DED7EE100E1CADD /* Info.plist */ = {isa = PBXFileReference; lastKnownFileType = text.plist.xml; path = Info.plist; sourceTree = "<group>"; };
		102854A61DED863F00E1CADD /* checkWorkLocation@3x.png */ = {isa = PBXFileReference; lastKnownFileType = image.png; path = "checkWorkLocation@3x.png"; sourceTree = "<group>"; };
		102854A81DED870A00E1CADD /* chechWorkButton@2x.png */ = {isa = PBXFileReference; lastKnownFileType = image.png; path = "chechWorkButton@2x.png"; sourceTree = "<group>"; };
/* End PBXFileReference section */

/* Begin PBXFrameworksBuildPhase section */
		1028546A1DED7EE100E1CADD /* Frameworks */ = {
			isa = PBXFrameworksBuildPhase;
			buildActionMask = 2147483647;
			files = (
			);
			runOnlyForDeploymentPostprocessing = 0;
		};
		102854861DED7EE100E1CADD /* Frameworks */ = {
			isa = PBXFrameworksBuildPhase;
			buildActionMask = 2147483647;
			files = (
			);
			runOnlyForDeploymentPostprocessing = 0;
		};
		102854911DED7EE100E1CADD /* Frameworks */ = {
			isa = PBXFrameworksBuildPhase;
			buildActionMask = 2147483647;
			files = (
			);
			runOnlyForDeploymentPostprocessing = 0;
		};
/* End PBXFrameworksBuildPhase section */

/* Begin PBXGroup section */
		102854641DED7EE100E1CADD = {
			isa = PBXGroup;
			children = (
				1028546F1DED7EE100E1CADD /* FirstGitHub */,
				1028548C1DED7EE100E1CADD /* FirstGitHubTests */,
				102854971DED7EE100E1CADD /* FirstGitHubUITests */,
				1028546E1DED7EE100E1CADD /* Products */,
			);
			sourceTree = "<group>";
		};
		1028546E1DED7EE100E1CADD /* Products */ = {
			isa = PBXGroup;
			children = (
				1028546D1DED7EE100E1CADD /* FirstGitHub.app */,
				102854891DED7EE100E1CADD /* FirstGitHubTests.xctest */,
				102854941DED7EE100E1CADD /* FirstGitHubUITests.xctest */,
			);
			name = Products;
			sourceTree = "<group>";
		};
		1028546F1DED7EE100E1CADD /* FirstGitHub */ = {
			isa = PBXGroup;
			children = (
				102854731DED7EE100E1CADD /* AppDelegate.h */,
				102854741DED7EE100E1CADD /* AppDelegate.m */,
				102854A61DED863F00E1CADD /* checkWorkLocation@3x.png */,
				102854A81DED870A00E1CADD /* chechWorkButton@2x.png */,
				102854761DED7EE100E1CADD /* ViewController.h */,
				102854771DED7EE100E1CADD /* ViewController.m */,
				102854791DED7EE100E1CADD /* Main.storyboard */,
				1028547F1DED7EE100E1CADD /* Assets.xcassets */,
				102854811DED7EE100E1CADD /* LaunchScreen.storyboard */,
				102854841DED7EE100E1CADD /* Info.plist */,
				1028547C1DED7EE100E1CADD /* FirstGitHub.xcdatamodeld */,
				102854701DED7EE100E1CADD /* Supporting Files */,
			);
			path = FirstGitHub;
			sourceTree = "<group>";
		};
		102854701DED7EE100E1CADD /* Supporting Files */ = {
			isa = PBXGroup;
			children = (
				102854711DED7EE100E1CADD /* main.m */,
			);
			name = "Supporting Files";
			sourceTree = "<group>";
		};
		1028548C1DED7EE100E1CADD /* FirstGitHubTests */ = {
			isa = PBXGroup;
			children = (
				1028548D1DED7EE100E1CADD /* FirstGitHubTests.m */,
				1028548F1DED7EE100E1CADD /* Info.plist */,
			);
			path = FirstGitHubTests;
			sourceTree = "<group>";
		};
		102854971DED7EE100E1CADD /* FirstGitHubUITests */ = {
			isa = PBXGroup;
			children = (
				102854981DED7EE100E1CADD /* FirstGitHubUITests.m */,
				1028549A1DED7EE100E1CADD /* Info.plist */,
			);
			path = FirstGitHubUITests;
			sourceTree = "<group>";
		};
/* End PBXGroup section */

/* Begin PBXNativeTarget section */
		1028546C1DED7EE100E1CADD /* FirstGitHub */ = {
			isa = PBXNativeTarget;
			buildConfigurationList = 1028549D1DED7EE100E1CADD /* Build configuration list for PBXNativeTarget "FirstGitHub" */;
			buildPhases = (
				102854691DED7EE100E1CADD /* Sources */,
				1028546A1DED7EE100E1CADD /* Frameworks */,
				1028546B1DED7EE100E1CADD /* Resources */,
			);
			buildRules = (
			);
			dependencies = (
			);
			name = FirstGitHub;
			productName = FirstGitHub;
			productReference = 1028546D1DED7EE100E1CADD /* FirstGitHub.app */;
			productType = "com.apple.product-type.application";
		};
		102854881DED7EE100E1CADD /* FirstGitHubTests */ = {
			isa = PBXNativeTarget;
			buildConfigurationList = 102854A01DED7EE100E1CADD /* Build configuration list for PBXNativeTarget "FirstGitHubTests" */;
			buildPhases = (
				102854851DED7EE100E1CADD /* Sources */,
				102854861DED7EE100E1CADD /* Frameworks */,
				102854871DED7EE100E1CADD /* Resources */,
			);
			buildRules = (
			);
			dependencies = (
				1028548B1DED7EE100E1CADD /* PBXTargetDependency */,
			);
			name = FirstGitHubTests;
			productName = FirstGitHubTests;
			productReference = 102854891DED7EE100E1CADD /* FirstGitHubTests.xctest */;
			productType = "com.apple.product-type.bundle.unit-test";
		};
		102854931DED7EE100E1CADD /* FirstGitHubUITests */ = {
			isa = PBXNativeTarget;
			buildConfigurationList = 102854A31DED7EE100E1CADD /* Build configuration list for PBXNativeTarget "FirstGitHubUITests" */;
			buildPhases = (
				102854901DED7EE100E1CADD /* Sources */,
				102854911DED7EE100E1CADD /* Frameworks */,
				102854921DED7EE100E1CADD /* Resources */,
			);
			buildRules = (
			);
			dependencies = (
				102854961DED7EE100E1CADD /* PBXTargetDependency */,
			);
			name = FirstGitHubUITests;
			productName = FirstGitHubUITests;
			productReference = 102854941DED7EE100E1CADD /* FirstGitHubUITests.xctest */;
			productType = "com.apple.product-type.bundle.ui-testing";
		};
/* End PBXNativeTarget section */

/* Begin PBXProject section */
		102854651DED7EE100E1CADD /* Project object */ = {
			isa = PBXProject;
			attributes = {
				LastUpgradeCheck = 0720;
				ORGANIZATIONNAME = JYY;
				TargetAttributes = {
					1028546C1DED7EE100E1CADD = {
						CreatedOnToolsVersion = 7.2.1;
					};
					102854881DED7EE100E1CADD = {
						CreatedOnToolsVersion = 7.2.1;
						TestTargetID = 1028546C1DED7EE100E1CADD;
					};
					102854931DED7EE100E1CADD = {
						CreatedOnToolsVersion = 7.2.1;
						TestTargetID = 1028546C1DED7EE100E1CADD;
					};
				};
			};
			buildConfigurationList = 102854681DED7EE100E1CADD /* Build configuration list for PBXProject "FirstGitHub" */;
			compatibilityVersion = "Xcode 3.2";
			developmentRegion = English;
			hasScannedForEncodings = 0;
			knownRegions = (
				en,
				Base,
			);
			mainGroup = 102854641DED7EE100E1CADD;
			productRefGroup = 1028546E1DED7EE100E1CADD /* Products */;
			projectDirPath = "";
			projectRoot = "";
			targets = (
				1028546C1DED7EE100E1CADD /* FirstGitHub */,
				102854881DED7EE100E1CADD /* FirstGitHubTests */,
				102854931DED7EE100E1CADD /* FirstGitHubUITests */,
			);
		};
/* End PBXProject section */

/* Begin PBXResourcesBuildPhase section */
		1028546B1DED7EE100E1CADD /* Resources */ = {
			isa = PBXResourcesBuildPhase;
			buildActionMask = 2147483647;
			files = (
				102854A71DED863F00E1CADD /* checkWorkLocation@3x.png in Resources */,
				102854A91DED870A00E1CADD /* chechWorkButton@2x.png in Resources */,
				102854831DED7EE100E1CADD /* LaunchScreen.storyboard in Resources */,
				102854801DED7EE100E1CADD /* Assets.xcassets in Resources */,
				1028547B1DED7EE100E1CADD /* Main.storyboard in Resources */,
			);
			runOnlyForDeploymentPostprocessing = 0;
		};
		102854871DED7EE100E1CADD /* Resources */ = {
			isa = PBXResourcesBuildPhase;
			buildActionMask = 2147483647;
			files = (
			);
			runOnlyForDeploymentPostprocessing = 0;
		};
		102854921DED7EE100E1CADD /* Resources */ = {
			isa = PBXResourcesBuildPhase;
			buildActionMask = 2147483647;
			files = (
			);
			runOnlyForDeploymentPostprocessing = 0;
		};
/* End PBXResourcesBuildPhase section */

/* Begin PBXSourcesBuildPhase section */
		102854691DED7EE100E1CADD /* Sources */ = {
			isa = PBXSourcesBuildPhase;
			buildActionMask = 2147483647;
			files = (
				102854781DED7EE100E1CADD /* ViewController.m in Sources */,
				102854751DED7EE100E1CADD /* AppDelegate.m in Sources */,
				102854721DED7EE100E1CADD /* main.m in Sources */,
				1028547E1DED7EE100E1CADD /* FirstGitHub.xcdatamodeld in Sources */,
			);
			runOnlyForDeploymentPostprocessing = 0;
		};
		102854851DED7EE100E1CADD /* Sources */ = {
			isa = PBXSourcesBuildPhase;
			buildActionMask = 2147483647;
			files = (
				1028548E1DED7EE100E1CADD /* FirstGitHubTests.m in Sources */,
			);
			runOnlyForDeploymentPostprocessing = 0;
		};
		102854901DED7EE100E1CADD /* Sources */ = {
			isa = PBXSourcesBuildPhase;
			buildActionMask = 2147483647;
			files = (
				102854991DED7EE100E1CADD /* FirstGitHubUITests.m in Sources */,
			);
			runOnlyForDeploymentPostprocessing = 0;
		};
/* End PBXSourcesBuildPhase section */

/* Begin PBXTargetDependency section */
		1028548B1DED7EE100E1CADD /* PBXTargetDependency */ = {
			isa = PBXTargetDependency;
			target = 1028546C1DED7EE100E1CADD /* FirstGitHub */;
			targetProxy = 1028548A1DED7EE100E1CADD /* PBXContainerItemProxy */;
		};
		102854961DED7EE100E1CADD /* PBXTargetDependency */ = {
			isa = PBXTargetDependency;
			target = 1028546C1DED7EE100E1CADD /* FirstGitHub */;
			targetProxy = 102854951DED7EE100E1CADD /* PBXContainerItemProxy */;
		};
/* End PBXTargetDependency section */

/* Begin PBXVariantGroup section */
		102854791DED7EE100E1CADD /* Main.storyboard */ = {
			isa = PBXVariantGroup;
			children = (
				1028547A1DED7EE100E1CADD /* Base */,
			);
			name = Main.storyboard;
			sourceTree = "<group>";
		};
		102854811DED7EE100E1CADD /* LaunchScreen.storyboard */ = {
			isa = PBXVariantGroup;
			children = (
				102854821DED7EE100E1CADD /* Base */,
			);
			name = LaunchScreen.storyboard;
			sourceTree = "<group>";
		};
/* End PBXVariantGroup section */

/* Begin XCBuildConfiguration section */
		1028549B1DED7EE100E1CADD /* Debug */ = {
			isa = XCBuildConfiguration;
			buildSettings = {
				ALWAYS_SEARCH_USER_PATHS = NO;
				CLANG_CXX_LANGUAGE_STANDARD = "gnu++0x";
				CLANG_CXX_LIBRARY = "libc++";
				CLANG_ENABLE_MODULES = YES;
				CLANG_ENABLE_OBJC_ARC = YES;
				CLANG_WARN_BOOL_CONVERSION = YES;
				CLANG_WARN_CONSTANT_CONVERSION = YES;
				CLANG_WARN_DIRECT_OBJC_ISA_USAGE = YES_ERROR;
				CLANG_WARN_EMPTY_BODY = YES;
				CLANG_WARN_ENUM_CONVERSION = YES;
				CLANG_WARN_INT_CONVERSION = YES;
				CLANG_WARN_OBJC_ROOT_CLASS = YES_ERROR;
				CLANG_WARN_UNREACHABLE_CODE = YES;
				CLANG_WARN__DUPLICATE_METHOD_MATCH = YES;
				"CODE_SIGN_IDENTITY[sdk=iphoneos*]" = "iPhone Developer";
				COPY_PHASE_STRIP = NO;
				DEBUG_INFORMATION_FORMAT = dwarf;
				ENABLE_STRICT_OBJC_MSGSEND = YES;
				ENABLE_TESTABILITY = YES;
				GCC_C_LANGUAGE_STANDARD = gnu99;
				GCC_DYNAMIC_NO_PIC = NO;
				GCC_NO_COMMON_BLOCKS = YES;
				GCC_OPTIMIZATION_LEVEL = 0;
				GCC_PREPROCESSOR_DEFINITIONS = (
					"DEBUG=1",
					"$(inherited)",
				);
				GCC_WARN_64_TO_32_BIT_CONVERSION = YES;
				GCC_WARN_ABOUT_RETURN_TYPE = YES_ERROR;
				GCC_WARN_UNDECLARED_SELECTOR = YES;
				GCC_WARN_UNINITIALIZED_AUTOS = YES_AGGRESSIVE;
				GCC_WARN_UNUSED_FUNCTION = YES;
				GCC_WARN_UNUSED_VARIABLE = YES;
				IPHONEOS_DEPLOYMENT_TARGET = 9.2;
				MTL_ENABLE_DEBUG_INFO = YES;
				ONLY_ACTIVE_ARCH = YES;
				SDKROOT = iphoneos;
			};
			name = Debug;
		};
		1028549C1DED7EE100E1CADD /* Release */ = {
			isa = XCBuildConfiguration;
			buildSettings = {
				ALWAYS_SEARCH_USER_PATHS = NO;
				CLANG_CXX_LANGUAGE_STANDARD = "gnu++0x";
				CLANG_CXX_LIBRARY = "libc++";
				CLANG_ENABLE_MODULES = YES;
				CLANG_ENABLE_OBJC_ARC = YES;
				CLANG_WARN_BOOL_CONVERSION = YES;
				CLANG_WARN_CONSTANT_CONVERSION = YES;
				CLANG_WARN_DIRECT_OBJC_ISA_USAGE = YES_ERROR;
				CLANG_WARN_EMPTY_BODY = YES;
				CLANG_WARN_ENUM_CONVERSION = YES;
				CLANG_WARN_INT_CONVERSION = YES;
				CLANG_WARN_OBJC_ROOT_CLASS = YES_ERROR;
				CLANG_WARN_UNREACHABLE_CODE = YES;
				CLANG_WARN__DUPLICATE_METHOD_MATCH = YES;
				"CODE_SIGN_IDENTITY[sdk=iphoneos*]" = "iPhone Developer";
				COPY_PHASE_STRIP = NO;
				DEBUG_INFORMATION_FORMAT = "dwarf-with-dsym";
				ENABLE_NS_ASSERTIONS = NO;
				ENABLE_STRICT_OBJC_MSGSEND = YES;
				GCC_C_LANGUAGE_STANDARD = gnu99;
				GCC_NO_COMMON_BLOCKS = YES;
				GCC_WARN_64_TO_32_BIT_CONVERSION = YES;
				GCC_WARN_ABOUT_RETURN_TYPE = YES_ERROR;
				GCC_WARN_UNDECLARED_SELECTOR = YES;
				GCC_WARN_UNINITIALIZED_AUTOS = YES_AGGRESSIVE;
				GCC_WARN_UNUSED_FUNCTION = YES;
				GCC_WARN_UNUSED_VARIABLE = YES;
				IPHONEOS_DEPLOYMENT_TARGET = 9.2;
				MTL_ENABLE_DEBUG_INFO = NO;
				SDKROOT = iphoneos;
				VALIDATE_PRODUCT = YES;
			};
			name = Release;
		};
		1028549E1DED7EE100E1CADD /* Debug */ = {
			isa = XCBuildConfiguration;
			buildSettings = {
				ASSETCATALOG_COMPILER_APPICON_NAME = AppIcon;
				INFOPLIST_FILE = FirstGitHub/Info.plist;
				LD_RUNPATH_SEARCH_PATHS = "$(inherited) @executable_path/Frameworks";
				PRODUCT_BUNDLE_IDENTIFIER = com.JYY.FirstGitHub;
				PRODUCT_NAME = "$(TARGET_NAME)";
			};
			name = Debug;
		};
		1028549F1DED7EE100E1CADD /* Release */ = {
			isa = XCBuildConfiguration;
			buildSettings = {
				ASSETCATALOG_COMPILER_APPICON_NAME = AppIcon;
				INFOPLIST_FILE = FirstGitHub/Info.plist;
				LD_RUNPATH_SEARCH_PATHS = "$(inherited) @executable_path/Frameworks";
				PRODUCT_BUNDLE_IDENTIFIER = com.JYY.FirstGitHub;
				PRODUCT_NAME = "$(TARGET_NAME)";
			};
			name = Release;
		};
		102854A11DED7EE100E1CADD /* Debug */ = {
			isa = XCBuildConfiguration;
			buildSettings = {
				BUNDLE_LOADER = "$(TEST_HOST)";
				INFOPLIST_FILE = FirstGitHubTests/Info.plist;
				LD_RUNPATH_SEARCH_PATHS = "$(inherited) @executable_path/Frameworks @loader_path/Frameworks";
				PRODUCT_BUNDLE_IDENTIFIER = com.JYY.FirstGitHubTests;
				PRODUCT_NAME = "$(TARGET_NAME)";
				TEST_HOST = "$(BUILT_PRODUCTS_DIR)/FirstGitHub.app/FirstGitHub";
			};
			name = Debug;
		};
		102854A21DED7EE100E1CADD /* Release */ = {
			isa = XCBuildConfiguration;
			buildSettings = {
				BUNDLE_LOADER = "$(TEST_HOST)";
				INFOPLIST_FILE = FirstGitHubTests/Info.plist;
				LD_RUNPATH_SEARCH_PATHS = "$(inherited) @executable_path/Frameworks @loader_path/Frameworks";
				PRODUCT_BUNDLE_IDENTIFIER = com.JYY.FirstGitHubTests;
				PRODUCT_NAME = "$(TARGET_NAME)";
				TEST_HOST = "$(BUILT_PRODUCTS_DIR)/FirstGitHub.app/FirstGitHub";
			};
			name = Release;
		};
		102854A41DED7EE100E1CADD /* Debug */ = {
			isa = XCBuildConfiguration;
			buildSettings = {
				INFOPLIST_FILE = FirstGitHubUITests/Info.plist;
				LD_RUNPATH_SEARCH_PATHS = "$(inherited) @executable_path/Frameworks @loader_path/Frameworks";
				PRODUCT_BUNDLE_IDENTIFIER = com.JYY.FirstGitHubUITests;
				PRODUCT_NAME = "$(TARGET_NAME)";
				TEST_TARGET_NAME = FirstGitHub;
				USES_XCTRUNNER = YES;
			};
			name = Debug;
		};
		102854A51DED7EE100E1CADD /* Release */ = {
			isa = XCBuildConfiguration;
			buildSettings = {
				INFOPLIST_FILE = FirstGitHubUITests/Info.plist;
				LD_RUNPATH_SEARCH_PATHS = "$(inherited) @executable_path/Frameworks @loader_path/Frameworks";
				PRODUCT_BUNDLE_IDENTIFIER = com.JYY.FirstGitHubUITests;
				PRODUCT_NAME = "$(TARGET_NAME)";
				TEST_TARGET_NAME = FirstGitHub;
				USES_XCTRUNNER = YES;
			};
			name = Release;
		};
/* End XCBuildConfiguration section */

/* Begin XCConfigurationList section */
		102854681DED7EE100E1CADD /* Build configuration list for PBXProject "FirstGitHub" */ = {
			isa = XCConfigurationList;
			buildConfigurations = (
				1028549B1DED7EE100E1CADD /* Debug */,
				1028549C1DED7EE100E1CADD /* Release */,
			);
			defaultConfigurationIsVisible = 0;
			defaultConfigurationName = Release;
		};
		1028549D1DED7EE100E1CADD /* Build configuration list for PBXNativeTarget "FirstGitHub" */ = {
			isa = XCConfigurationList;
			buildConfigurations = (
				1028549E1DED7EE100E1CADD /* Debug */,
				1028549F1DED7EE100E1CADD /* Release */,
			);
			defaultConfigurationIsVisible = 0;
			defaultConfigurationName = Release;
		};
		102854A01DED7EE100E1CADD /* Build configuration list for PBXNativeTarget "FirstGitHubTests" */ = {
			isa = XCConfigurationList;
			buildConfigurations = (
				102854A11DED7EE100E1CADD /* Debug */,
				102854A21DED7EE100E1CADD /* Release */,
			);
			defaultConfigurationIsVisible = 0;
			defaultConfigurationName = Release;
		};
		102854A31DED7EE100E1CADD /* Build configuration list for PBXNativeTarget "FirstGitHubUITests" */ = {
			isa = XCConfigurationList;
			buildConfigurations = (
				102854A41DED7EE100E1CADD /* Debug */,
				102854A51DED7EE100E1CADD /* Release */,
			);
			defaultConfigurationIsVisible = 0;
			defaultConfigurationName = Release;
		};
/* End XCConfigurationList section */

/* Begin XCVersionGroup section */
		1028547C1DED7EE100E1CADD /* FirstGitHub.xcdatamodeld */ = {
			isa = XCVersionGroup;
			children = (
				1028547D1DED7EE100E1CADD /* FirstGitHub.xcdatamodel */,
			);
			currentVersion = 1028547D1DED7EE100E1CADD /* FirstGitHub.xcdatamodel */;
			path = FirstGitHub.xcdatamodeld;
			sourceTree = "<group>";
			versionGroupType = wrapper.xcdatamodel;
		};
/* End XCVersionGroup section */
	};
	rootObject = 102854651DED7EE100E1CADD /* Project object */;
}
